// !$*UTF8*$!
{
	archiveVersion = 1;
	classes = {
	};
	objectVersion = 46;
	objects = {

/* Begin PBXBuildFile section */
		F5069C441B7BA6EE000BE696 /* main.m in Sources */ = {isa = PBXBuildFile; fileRef = F5069C431B7BA6EE000BE696 /* main.m */; };
		F5069C471B7BA6EE000BE696 /* AppDelegate.m in Sources */ = {isa = PBXBuildFile; fileRef = F5069C461B7BA6EE000BE696 /* AppDelegate.m */; };
		F5069C4A1B7BA6EE000BE696 /* ViewController.m in Sources */ = {isa = PBXBuildFile; fileRef = F5069C491B7BA6EE000BE696 /* ViewController.m */; };
		F5069C4D1B7BA6EE000BE696 /* Main.storyboard in Resources */ = {isa = PBXBuildFile; fileRef = F5069C4B1B7BA6EE000BE696 /* Main.storyboard */; };
		F5069C4F1B7BA6EE000BE696 /* Images.xcassets in Resources */ = {isa = PBXBuildFile; fileRef = F5069C4E1B7BA6EE000BE696 /* Images.xcassets */; };
		F5069C521B7BA6EE000BE696 /* LaunchScreen.xib in Resources */ = {isa = PBXBuildFile; fileRef = F5069C501B7BA6EE000BE696 /* LaunchScreen.xib */; };
		F5069C5E1B7BA6EF000BE696 /* HelloWorldTests.m in Sources */ = {isa = PBXBuildFile; fileRef = F5069C5D1B7BA6EF000BE696 /* HelloWorldTests.m */; };
/* End PBXBuildFile section */

/* Begin PBXContainerItemProxy section */
		F5069C581B7BA6EF000BE696 /* PBXContainerItemProxy */ = {
			isa = PBXContainerItemProxy;
			containerPortal = F5069C361B7BA6EE000BE696 /* Project object */;
			proxyType = 1;
			remoteGlobalIDString = F5069C3D1B7BA6EE000BE696;
			remoteInfo = HelloWorld;
		};
/* End PBXContainerItemProxy section */

/* Begin PBXFileReference section */
		F5069C3E1B7BA6EE000BE696 /* HelloWorld.app */ = {isa = PBXFileReference; explicitFileType = wrapper.application; includeInIndex = 0; path = HelloWorld.app; sourceTree = BUILT_PRODUCTS_DIR; };
		F5069C421B7BA6EE000BE696 /* Info.plist */ = {isa = PBXFileReference; lastKnownFileType = text.plist.xml; path = Info.plist; sourceTree = "<group>"; };
		F5069C431B7BA6EE000BE696 /* main.m */ = {isa = PBXFileReference; lastKnownFileType = sourcecode.c.objc; path = main.m; sourceTree = "<group>"; };
		F5069C451B7BA6EE000BE696 /* AppDelegate.h */ = {isa = PBXFileReference; lastKnownFileType = sourcecode.c.h; path = AppDelegate.h; sourceTree = "<group>"; };
		F5069C461B7BA6EE000BE696 /* AppDelegate.m */ = {isa = PBXFileReference; lastKnownFileType = sourcecode.c.objc; path = AppDelegate.m; sourceTree = "<group>"; };
		F5069C481B7BA6EE000BE696 /* ViewController.h */ = {isa = PBXFileReference; lastKnownFileType = sourcecode.c.h; path = ViewController.h; sourceTree = "<group>"; };
		F5069C491B7BA6EE000BE696 /* ViewController.m */ = {isa = PBXFileReference; lastKnownFileType = sourcecode.c.objc; path = ViewController.m; sourceTree = "<group>"; };
		F5069C4C1B7BA6EE000BE696 /* Base */ = {isa = PBXFileReference; lastKnownFileType = file.storyboard; name = Base; path = Base.lproj/Main.storyboard; sourceTree = "<group>"; };
		F5069C4E1B7BA6EE000BE696 /* Images.xcassets */ = {isa = PBXFileReference; lastKnownFileType = folder.assetcatalog; path = Images.xcassets; sourceTree = "<group>"; };
		F5069C511B7BA6EE000BE696 /* Base */ = {isa = PBXFileReference; lastKnownFileType = file.xib; name = Base; path = Base.lproj/LaunchScreen.xib; sourceTree = "<group>"; };
		F5069C571B7BA6EF000BE696 /* HelloWorldTests.xctest */ = {isa = PBXFileReference; explicitFileType = wrapper.cfbundle; includeInIndex = 0; path = HelloWorldTests.xctest; sourceTree = BUILT_PRODUCTS_DIR; };
		F5069C5C1B7BA6EF000BE696 /* Info.plist */ = {isa = PBXFileReference; lastKnownFileType = text.plist.xml; path = Info.plist; sourceTree = "<group>"; };
		F5069C5D1B7BA6EF000BE696 /* HelloWorldTests.m */ = {isa = PBXFileReference; lastKnownFileType = sourcecode.c.objc; path = HelloWorldTests.m; sourceTree = "<group>"; };
/* End PBXFileReference section */

/* Begin PBXFrameworksBuildPhase section */
		F5069C3B1B7BA6EE000BE696 /* Frameworks */ = {
			isa = PBXFrameworksBuildPhase;
			buildActionMask = 2147483647;
			files = (
			);
			runOnlyForDeploymentPostprocessing = 0;
		};
		F5069C541B7BA6EF000BE696 /* Frameworks */ = {
			isa = PBXFrameworksBuildPhase;
			buildActionMask = 2147483647;
			files = (
			);
			runOnlyForDeploymentPostprocessing = 0;
		};
/* End PBXFrameworksBuildPhase section */

/* Begin PBXGroup section */
		F5069C351B7BA6EE000BE696 = {
			isa = PBXGroup;
			children = (
				F5069C401B7BA6EE000BE696 /* HelloWorld */,
				F5069C5A1B7BA6EF000BE696 /* HelloWorldTests */,
				F5069C3F1B7BA6EE000BE696 /* Products */,
			);
			sourceTree = "<group>";
		};
		F5069C3F1B7BA6EE000BE696 /* Products */ = {
			isa = PBXGroup;
			children = (
				F5069C3E1B7BA6EE000BE696 /* HelloWorld.app */,
				F5069C571B7BA6EF000BE696 /* HelloWorldTests.xctest */,
			);
			name = Products;
			sourceTree = "<group>";
		};
		F5069C401B7BA6EE000BE696 /* HelloWorld */ = {
			isa = PBXGroup;
			children = (
				F5069C451B7BA6EE000BE696 /* AppDelegate.h */,
				F5069C461B7BA6EE000BE696 /* AppDelegate.m */,
				F5069C481B7BA6EE000BE696 /* ViewController.h */,
				F5069C491B7BA6EE000BE696 /* ViewController.m */,
				F5069C4B1B7BA6EE000BE696 /* Main.storyboard */,
				F5069C4E1B7BA6EE000BE696 /* Images.xcassets */,
				F5069C501B7BA6EE000BE696 /* LaunchScreen.xib */,
				F5069C411B7BA6EE000BE696 /* Supporting Files */,
			);
			path = HelloWorld;
			sourceTree = "<group>";
		};
		F5069C411B7BA6EE000BE696 /* Supporting Files */ = {
			isa = PBXGroup;
			children = (
				F5069C421B7BA6EE000BE696 /* Info.plist */,
				F5069C431B7BA6EE000BE696 /* main.m */,
			);
			name = "Supporting Files";
			sourceTree = "<group>";
		};
		F5069C5A1B7BA6EF000BE696 /* HelloWorldTests */ = {
			isa = PBXGroup;
			children = (
				F5069C5D1B7BA6EF000BE696 /* HelloWorldTests.m */,
				F5069C5B1B7BA6EF000BE696 /* Supporting Files */,
			);
			path = HelloWorldTests;
			sourceTree = "<group>";
		};
		F5069C5B1B7BA6EF000BE696 /* Supporting Files */ = {
			isa = PBXGroup;
			children = (
				F5069C5C1B7BA6EF000BE696 /* Info.plist */,
			);
			name = "Supporting Files";
			sourceTree = "<group>";
		};
/* End PBXGroup section */

/* Begin PBXNativeTarget section */
		F5069C3D1B7BA6EE000BE696 /* HelloWorld */ = {
			isa = PBXNativeTarget;
			buildConfigurationList = F5069C611B7BA6EF000BE696 /* Build configuration list for PBXNativeTarget "HelloWorld" */;
			buildPhases = (
				F5069C3A1B7BA6EE000BE696 /* Sources */,
				F5069C3B1B7BA6EE000BE696 /* Frameworks */,
				F5069C3C1B7BA6EE000BE696 /* Resources */,
			);
			buildRules = (
			);
			dependencies = (
			);
			name = HelloWorld;
			productName = HelloWorld;
			productReference = F5069C3E1B7BA6EE000BE696 /* HelloWorld.app */;
			productType = "com.apple.product-type.application";
		};
		F5069C561B7BA6EF000BE696 /* HelloWorldTests */ = {
			isa = PBXNativeTarget;
			buildConfigurationList = F5069C641B7BA6EF000BE696 /* Build configuration list for PBXNativeTarget "HelloWorldTests" */;
			buildPhases = (
				F5069C531B7BA6EF000BE696 /* Sources */,
				F5069C541B7BA6EF000BE696 /* Frameworks */,
				F5069C551B7BA6EF000BE696 /* Resources */,
			);
			buildRules = (
			);
			dependencies = (
				F5069C591B7BA6EF000BE696 /* PBXTargetDependency */,
			);
			name = HelloWorldTests;
			productName = HelloWorldTests;
			productReference = F5069C571B7BA6EF000BE696 /* HelloWorldTests.xctest */;
			productType = "com.apple.product-type.bundle.unit-test";
		};
/* End PBXNativeTarget section */

/* Begin PBXProject section */
		F5069C361B7BA6EE000BE696 /* Project object */ = {
			isa = PBXProject;
			attributes = {
				LastUpgradeCheck = 0640;
				ORGANIZATIONNAME = jplebre;
				TargetAttributes = {
					F5069C3D1B7BA6EE000BE696 = {
						CreatedOnToolsVersion = 6.4;
					};
					F5069C561B7BA6EF000BE696 = {
						CreatedOnToolsVersion = 6.4;
						TestTargetID = F5069C3D1B7BA6EE000BE696;
					};
				};
			};
			buildConfigurationList = F5069C391B7BA6EE000BE696 /* Build configuration list for PBXProject "HelloWorld" */;
			compatibilityVersion = "Xcode 3.2";
			developmentRegion = English;
			hasScannedForEncodings = 0;
			knownRegions = (
				en,
				Base,
			);
			mainGroup = F5069C351B7BA6EE000BE696;
			productRefGroup = F5069C3F1B7BA6EE000BE696 /* Products */;
			projectDirPath = "";
			projectRoot = "";
			targets = (
				F5069C3D1B7BA6EE000BE696 /* HelloWorld */,
				F5069C561B7BA6EF000BE696 /* HelloWorldTests */,
			);
		};
/* End PBXProject section */

/* Begin PBXResourcesBuildPhase section */
		F5069C3C1B7BA6EE000BE696 /* Resources */ = {
			isa = PBXResourcesBuildPhase;
			buildActionMask = 2147483647;
			files = (
				F5069C4D1B7BA6EE000BE696 /* Main.storyboard in Resources */,
				F5069C521B7BA6EE000BE696 /* LaunchScreen.xib in Resources */,
				F5069C4F1B7BA6EE000BE696 /* Images.xcassets in Resources */,
			);
			runOnlyForDeploymentPostprocessing = 0;
		};
		F5069C551B7BA6EF000BE696 /* Resources */ = {
			isa = PBXResourcesBuildPhase;
			buildActionMask = 2147483647;
			files = (
			);
			runOnlyForDeploymentPostprocessing = 0;
		};
/* End PBXResourcesBuildPhase section */

/* Begin PBXSourcesBuildPhase section */
		F5069C3A1B7BA6EE000BE696 /* Sources */ = {
			isa = PBXSourcesBuildPhase;
			buildActionMask = 2147483647;
			files = (
				F5069C4A1B7BA6EE000BE696 /* ViewController.m in Sources */,
				F5069C471B7BA6EE000BE696 /* AppDelegate.m in Sources */,
				F5069C441B7BA6EE000BE696 /* main.m in Sources */,
			);
			runOnlyForDeploymentPostprocessing = 0;
		};
		F5069C531B7BA6EF000BE696 /* Sources */ = {
			isa = PBXSourcesBuildPhase;
			buildActionMask = 2147483647;
			files = (
				F5069C5E1B7BA6EF000BE696 /* HelloWorldTests.m in Sources */,
			);
			runOnlyForDeploymentPostprocessing = 0;
		};
/* End PBXSourcesBuildPhase section */

/* Begin PBXTargetDependency section */
		F5069C591B7BA6EF000BE696 /* PBXTargetDependency */ = {
			isa = PBXTargetDependency;
			target = F5069C3D1B7BA6EE000BE696 /* HelloWorld */;
			targetProxy = F5069C581B7BA6EF000BE696 /* PBXContainerItemProxy */;
		};
/* End PBXTargetDependency section */

/* Begin PBXVariantGroup section */
		F5069C4B1B7BA6EE000BE696 /* Main.storyboard */ = {
			isa = PBXVariantGroup;
			children = (
				F5069C4C1B7BA6EE000BE696 /* Base */,
			);
			name = Main.storyboard;
			sourceTree = "<group>";
		};
		F5069C501B7BA6EE000BE696 /* LaunchScreen.xib */ = {
			isa = PBXVariantGroup;
			children = (
				F5069C511B7BA6EE000BE696 /* Base */,
			);
			name = LaunchScreen.xib;
			sourceTree = "<group>";
		};
/* End PBXVariantGroup section */

/* Begin XCBuildConfiguration section */
		F5069C5F1B7BA6EF000BE696 /* Debug */ = {
			isa = XCBuildConfiguration;
			buildSettings = {
				ALWAYS_SEARCH_USER_PATHS = NO;
				CLANG_CXX_LANGUAGE_STANDARD = "gnu++0x";
				CLANG_CXX_LIBRARY = "libc++";
				CLANG_ENABLE_MODULES = YES;
				CLANG_ENABLE_OBJC_ARC = YES;
				CLANG_WARN_BOOL_CONVERSION = YES;
				CLANG_WARN_CONSTANT_CONVERSION = YES;
				CLANG_WARN_DIRECT_OBJC_ISA_USAGE = YES_ERROR;
				CLANG_WARN_EMPTY_BODY = YES;
				CLANG_WARN_ENUM_CONVERSION = YES;
				CLANG_WARN_INT_CONVERSION = YES;
				CLANG_WARN_OBJC_ROOT_CLASS = YES_ERROR;
				CLANG_WARN_UNREACHABLE_CODE = YES;
				CLANG_WARN__DUPLICATE_METHOD_MATCH = YES;
				"CODE_SIGN_IDENTITY[sdk=iphoneos*]" = "iPhone Developer";
				COPY_PHASE_STRIP = NO;
				DEBUG_INFORMATION_FORMAT = "dwarf-with-dsym";
				ENABLE_STRICT_OBJC_MSGSEND = YES;
				GCC_C_LANGUAGE_STANDARD = gnu99;
				GCC_DYNAMIC_NO_PIC = NO;
				GCC_NO_COMMON_BLOCKS = YES;
				GCC_OPTIMIZATION_LEVEL = 0;
				GCC_PREPROCESSOR_DEFINITIONS = (
					"DEBUG=1",
					"$(inherited)",
				);
				GCC_SYMBOLS_PRIVATE_EXTERN = NO;
				GCC_WARN_64_TO_32_BIT_CONVERSION = YES;
				GCC_WARN_ABOUT_RETURN_TYPE = YES_ERROR;
				GCC_WARN_UNDECLARED_SELECTOR = YES;
				GCC_WARN_UNINITIALIZED_AUTOS = YES_AGGRESSIVE;
				GCC_WARN_UNUSED_FUNCTION = YES;
				GCC_WARN_UNUSED_VARIABLE = YES;
				IPHONEOS_DEPLOYMENT_TARGET = 8.4;
				MTL_ENABLE_DEBUG_INFO = YES;
				ONLY_ACTIVE_ARCH = YES;
				SDKROOT = iphoneos;
				TARGETED_DEVICE_FAMILY = "1,2";
			};
			name = Debug;
		};
		F5069C601B7BA6EF000BE696 /* Release */ = {
			isa = XCBuildConfiguration;
			buildSettings = {
				ALWAYS_SEARCH_USER_PATHS = NO;
				CLANG_CXX_LANGUAGE_STANDARD = "gnu++0x";
				CLANG_CXX_LIBRARY = "libc++";
				CLANG_ENABLE_MODULES = YES;
				CLANG_ENABLE_OBJC_ARC = YES;
				CLANG_WARN_BOOL_CONVERSION = YES;
				CLANG_WARN_CONSTANT_CONVERSION = YES;
				CLANG_WARN_DIRECT_OBJC_ISA_USAGE = YES_ERROR;
				CLANG_WARN_EMPTY_BODY = YES;
				CLANG_WARN_ENUM_CONVERSION = YES;
				CLANG_WARN_INT_CONVERSION = YES;
				CLANG_WARN_OBJC_ROOT_CLASS = YES_ERROR;
				CLANG_WARN_UNREACHABLE_CODE = YES;
				CLANG_WARN__DUPLICATE_METHOD_MATCH = YES;
				"CODE_SIGN_IDENTITY[sdk=iphoneos*]" = "iPhone Developer";
				COPY_PHASE_STRIP = NO;
				DEBUG_INFORMATION_FORMAT = "dwarf-with-dsym";
				ENABLE_NS_ASSERTIONS = NO;
				ENABLE_STRICT_OBJC_MSGSEND = YES;
				GCC_C_LANGUAGE_STANDARD = gnu99;
				GCC_NO_COMMON_BLOCKS = YES;
				GCC_WARN_64_TO_32_BIT_CONVERSION = YES;
				GCC_WARN_ABOUT_RETURN_TYPE = YES_ERROR;
				GCC_WARN_UNDECLARED_SELECTOR = YES;
				GCC_WARN_UNINITIALIZED_AUTOS = YES_AGGRESSIVE;
				GCC_WARN_UNUSED_FUNCTION = YES;
				GCC_WARN_UNUSED_VARIABLE = YES;
				IPHONEOS_DEPLOYMENT_TARGET = 8.4;
				MTL_ENABLE_DEBUG_INFO = NO;
				SDKROOT = iphoneos;
				TARGETED_DEVICE_FAMILY = "1,2";
				VALIDATE_PRODUCT = YES;
			};
			name = Release;
		};
		F5069C621B7BA6EF000BE696 /* Debug */ = {
			isa = XCBuildConfiguration;
			buildSettings = {
				ASSETCATALOG_COMPILER_APPICON_NAME = AppIcon;
				INFOPLIST_FILE = HelloWorld/Info.plist;
				LD_RUNPATH_SEARCH_PATHS = "$(inherited) @executable_path/Frameworks";
				PRODUCT_NAME = "$(TARGET_NAME)";
			};
			name = Debug;
		};
		F5069C631B7BA6EF000BE696 /* Release */ = {
			isa = XCBuildConfiguration;
			buildSettings = {
				ASSETCATALOG_COMPILER_APPICON_NAME = AppIcon;
				INFOPLIST_FILE = HelloWorld/Info.plist;
				LD_RUNPATH_SEARCH_PATHS = "$(inherited) @executable_path/Frameworks";
				PRODUCT_NAME = "$(TARGET_NAME)";
			};
			name = Release;
		};
		F5069C651B7BA6EF000BE696 /* Debug */ = {
			isa = XCBuildConfiguration;
			buildSettings = {
				BUNDLE_LOADER = "$(TEST_HOST)";
				FRAMEWORK_SEARCH_PATHS = (
					"$(SDKROOT)/Developer/Library/Frameworks",
					"$(inherited)",
				);
				GCC_PREPROCESSOR_DEFINITIONS = (
					"DEBUG=1",
					"$(inherited)",
				);
				INFOPLIST_FILE = HelloWorldTests/Info.plist;
				LD_RUNPATH_SEARCH_PATHS = "$(inherited) @executable_path/Frameworks @loader_path/Frameworks";
				PRODUCT_NAME = "$(TARGET_NAME)";
				TEST_HOST = "$(BUILT_PRODUCTS_DIR)/HelloWorld.app/HelloWorld";
			};
			name = Debug;
		};
		F5069C661B7BA6EF000BE696 /* Release */ = {
			isa = XCBuildConfiguration;
			buildSettings = {
				BUNDLE_LOADER = "$(TEST_HOST)";
				FRAMEWORK_SEARCH_PATHS = (
					"$(SDKROOT)/Developer/Library/Frameworks",
					"$(inherited)",
				);
				INFOPLIST_FILE = HelloWorldTests/Info.plist;
				LD_RUNPATH_SEARCH_PATHS = "$(inherited) @executable_path/Frameworks @loader_path/Frameworks";
				PRODUCT_NAME = "$(TARGET_NAME)";
				TEST_HOST = "$(BUILT_PRODUCTS_DIR)/HelloWorld.app/HelloWorld";
			};
			name = Release;
		};
/* End XCBuildConfiguration section */

/* Begin XCConfigurationList section */
		F5069C391B7BA6EE000BE696 /* Build configuration list for PBXProject "HelloWorld" */ = {
			isa = XCConfigurationList;
			buildConfigurations = (
				F5069C5F1B7BA6EF000BE696 /* Debug */,
				F5069C601B7BA6EF000BE696 /* Release */,
			);
			defaultConfigurationIsVisible = 0;
			defaultConfigurationName = Release;
		};
		F5069C611B7BA6EF000BE696 /* Build configuration list for PBXNativeTarget "HelloWorld" */ = {
			isa = XCConfigurationList;
			buildConfigurations = (
				F5069C621B7BA6EF000BE696 /* Debug */,
				F5069C631B7BA6EF000BE696 /* Release */,
			);
			defaultConfigurationIsVisible = 0;
		};
		F5069C641B7BA6EF000BE696 /* Build configuration list for PBXNativeTarget "HelloWorldTests" */ = {
			isa = XCConfigurationList;
			buildConfigurations = (
				F5069C651B7BA6EF000BE696 /* Debug */,
				F5069C661B7BA6EF000BE696 /* Release */,
			);
			defaultConfigurationIsVisible = 0;
		};
/* End XCConfigurationList section */
	};
	rootObject = F5069C361B7BA6EE000BE696 /* Project object */;
}
