// !$*UTF8*$!
{
	archiveVersion = 1;
	classes = {
	};
	objectVersion = 46;
	objects = {

/* Begin PBXBuildFile section */
		F5069C761B7E12C3000BE696 /* main.m in Sources */ = {isa = PBXBuildFile; fileRef = F5069C751B7E12C3000BE696 /* main.m */; };
		F5069C791B7E12C3000BE696 /* AppDelegate.m in Sources */ = {isa = PBXBuildFile; fileRef = F5069C781B7E12C3000BE696 /* AppDelegate.m */; };
		F5069C7C1B7E12C3000BE696 /* ViewController.m in Sources */ = {isa = PBXBuildFile; fileRef = F5069C7B1B7E12C3000BE696 /* ViewController.m */; };
		F5069C7F1B7E12C3000BE696 /* Main.storyboard in Resources */ = {isa = PBXBuildFile; fileRef = F5069C7D1B7E12C3000BE696 /* Main.storyboard */; };
		F5069C811B7E12C3000BE696 /* Images.xcassets in Resources */ = {isa = PBXBuildFile; fileRef = F5069C801B7E12C3000BE696 /* Images.xcassets */; };
		F5069C841B7E12C3000BE696 /* LaunchScreen.xib in Resources */ = {isa = PBXBuildFile; fileRef = F5069C821B7E12C3000BE696 /* LaunchScreen.xib */; };
		F5069C901B7E12C3000BE696 /* HelloWorld2Tests.m in Sources */ = {isa = PBXBuildFile; fileRef = F5069C8F1B7E12C3000BE696 /* HelloWorld2Tests.m */; };
/* End PBXBuildFile section */

/* Begin PBXContainerItemProxy section */
		F5069C8A1B7E12C3000BE696 /* PBXContainerItemProxy */ = {
			isa = PBXContainerItemProxy;
			containerPortal = F5069C681B7E12C3000BE696 /* Project object */;
			proxyType = 1;
			remoteGlobalIDString = F5069C6F1B7E12C3000BE696;
			remoteInfo = HelloWorld2;
		};
/* End PBXContainerItemProxy section */

/* Begin PBXFileReference section */
		F5069C701B7E12C3000BE696 /* HelloWorld2.app */ = {isa = PBXFileReference; explicitFileType = wrapper.application; includeInIndex = 0; path = HelloWorld2.app; sourceTree = BUILT_PRODUCTS_DIR; };
		F5069C741B7E12C3000BE696 /* Info.plist */ = {isa = PBXFileReference; lastKnownFileType = text.plist.xml; path = Info.plist; sourceTree = "<group>"; };
		F5069C751B7E12C3000BE696 /* main.m */ = {isa = PBXFileReference; lastKnownFileType = sourcecode.c.objc; path = main.m; sourceTree = "<group>"; };
		F5069C771B7E12C3000BE696 /* AppDelegate.h */ = {isa = PBXFileReference; lastKnownFileType = sourcecode.c.h; path = AppDelegate.h; sourceTree = "<group>"; };
		F5069C781B7E12C3000BE696 /* AppDelegate.m */ = {isa = PBXFileReference; lastKnownFileType = sourcecode.c.objc; path = AppDelegate.m; sourceTree = "<group>"; };
		F5069C7A1B7E12C3000BE696 /* ViewController.h */ = {isa = PBXFileReference; lastKnownFileType = sourcecode.c.h; path = ViewController.h; sourceTree = "<group>"; };
		F5069C7B1B7E12C3000BE696 /* ViewController.m */ = {isa = PBXFileReference; lastKnownFileType = sourcecode.c.objc; path = ViewController.m; sourceTree = "<group>"; };
		F5069C7E1B7E12C3000BE696 /* Base */ = {isa = PBXFileReference; lastKnownFileType = file.storyboard; name = Base; path = Base.lproj/Main.storyboard; sourceTree = "<group>"; };
		F5069C801B7E12C3000BE696 /* Images.xcassets */ = {isa = PBXFileReference; lastKnownFileType = folder.assetcatalog; path = Images.xcassets; sourceTree = "<group>"; };
		F5069C831B7E12C3000BE696 /* Base */ = {isa = PBXFileReference; lastKnownFileType = file.xib; name = Base; path = Base.lproj/LaunchScreen.xib; sourceTree = "<group>"; };
		F5069C891B7E12C3000BE696 /* HelloWorld2Tests.xctest */ = {isa = PBXFileReference; explicitFileType = wrapper.cfbundle; includeInIndex = 0; path = HelloWorld2Tests.xctest; sourceTree = BUILT_PRODUCTS_DIR; };
		F5069C8E1B7E12C3000BE696 /* Info.plist */ = {isa = PBXFileReference; lastKnownFileType = text.plist.xml; path = Info.plist; sourceTree = "<group>"; };
		F5069C8F1B7E12C3000BE696 /* HelloWorld2Tests.m */ = {isa = PBXFileReference; lastKnownFileType = sourcecode.c.objc; path = HelloWorld2Tests.m; sourceTree = "<group>"; };
/* End PBXFileReference section */

/* Begin PBXFrameworksBuildPhase section */
		F5069C6D1B7E12C3000BE696 /* Frameworks */ = {
			isa = PBXFrameworksBuildPhase;
			buildActionMask = 2147483647;
			files = (
			);
			runOnlyForDeploymentPostprocessing = 0;
		};
		F5069C861B7E12C3000BE696 /* Frameworks */ = {
			isa = PBXFrameworksBuildPhase;
			buildActionMask = 2147483647;
			files = (
			);
			runOnlyForDeploymentPostprocessing = 0;
		};
/* End PBXFrameworksBuildPhase section */

/* Begin PBXGroup section */
		F5069C671B7E12C3000BE696 = {
			isa = PBXGroup;
			children = (
				F5069C721B7E12C3000BE696 /* HelloWorld2 */,
				F5069C8C1B7E12C3000BE696 /* HelloWorld2Tests */,
				F5069C711B7E12C3000BE696 /* Products */,
			);
			sourceTree = "<group>";
		};
		F5069C711B7E12C3000BE696 /* Products */ = {
			isa = PBXGroup;
			children = (
				F5069C701B7E12C3000BE696 /* HelloWorld2.app */,
				F5069C891B7E12C3000BE696 /* HelloWorld2Tests.xctest */,
			);
			name = Products;
			sourceTree = "<group>";
		};
		F5069C721B7E12C3000BE696 /* HelloWorld2 */ = {
			isa = PBXGroup;
			children = (
				F5069C771B7E12C3000BE696 /* AppDelegate.h */,
				F5069C781B7E12C3000BE696 /* AppDelegate.m */,
				F5069C7A1B7E12C3000BE696 /* ViewController.h */,
				F5069C7B1B7E12C3000BE696 /* ViewController.m */,
				F5069C7D1B7E12C3000BE696 /* Main.storyboard */,
				F5069C801B7E12C3000BE696 /* Images.xcassets */,
				F5069C821B7E12C3000BE696 /* LaunchScreen.xib */,
				F5069C731B7E12C3000BE696 /* Supporting Files */,
			);
			path = HelloWorld2;
			sourceTree = "<group>";
		};
		F5069C731B7E12C3000BE696 /* Supporting Files */ = {
			isa = PBXGroup;
			children = (
				F5069C741B7E12C3000BE696 /* Info.plist */,
				F5069C751B7E12C3000BE696 /* main.m */,
			);
			name = "Supporting Files";
			sourceTree = "<group>";
		};
		F5069C8C1B7E12C3000BE696 /* HelloWorld2Tests */ = {
			isa = PBXGroup;
			children = (
				F5069C8F1B7E12C3000BE696 /* HelloWorld2Tests.m */,
				F5069C8D1B7E12C3000BE696 /* Supporting Files */,
			);
			path = HelloWorld2Tests;
			sourceTree = "<group>";
		};
		F5069C8D1B7E12C3000BE696 /* Supporting Files */ = {
			isa = PBXGroup;
			children = (
				F5069C8E1B7E12C3000BE696 /* Info.plist */,
			);
			name = "Supporting Files";
			sourceTree = "<group>";
		};
/* End PBXGroup section */

/* Begin PBXNativeTarget section */
		F5069C6F1B7E12C3000BE696 /* HelloWorld2 */ = {
			isa = PBXNativeTarget;
			buildConfigurationList = F5069C931B7E12C3000BE696 /* Build configuration list for PBXNativeTarget "HelloWorld2" */;
			buildPhases = (
				F5069C6C1B7E12C3000BE696 /* Sources */,
				F5069C6D1B7E12C3000BE696 /* Frameworks */,
				F5069C6E1B7E12C3000BE696 /* Resources */,
			);
			buildRules = (
			);
			dependencies = (
			);
			name = HelloWorld2;
			productName = HelloWorld2;
			productReference = F5069C701B7E12C3000BE696 /* HelloWorld2.app */;
			productType = "com.apple.product-type.application";
		};
		F5069C881B7E12C3000BE696 /* HelloWorld2Tests */ = {
			isa = PBXNativeTarget;
			buildConfigurationList = F5069C961B7E12C3000BE696 /* Build configuration list for PBXNativeTarget "HelloWorld2Tests" */;
			buildPhases = (
				F5069C851B7E12C3000BE696 /* Sources */,
				F5069C861B7E12C3000BE696 /* Frameworks */,
				F5069C871B7E12C3000BE696 /* Resources */,
			);
			buildRules = (
			);
			dependencies = (
				F5069C8B1B7E12C3000BE696 /* PBXTargetDependency */,
			);
			name = HelloWorld2Tests;
			productName = HelloWorld2Tests;
			productReference = F5069C891B7E12C3000BE696 /* HelloWorld2Tests.xctest */;
			productType = "com.apple.product-type.bundle.unit-test";
		};
/* End PBXNativeTarget section */

/* Begin PBXProject section */
		F5069C681B7E12C3000BE696 /* Project object */ = {
			isa = PBXProject;
			attributes = {
				LastUpgradeCheck = 0640;
				ORGANIZATIONNAME = jplebre;
				TargetAttributes = {
					F5069C6F1B7E12C3000BE696 = {
						CreatedOnToolsVersion = 6.4;
					};
					F5069C881B7E12C3000BE696 = {
						CreatedOnToolsVersion = 6.4;
						TestTargetID = F5069C6F1B7E12C3000BE696;
					};
				};
			};
			buildConfigurationList = F5069C6B1B7E12C3000BE696 /* Build configuration list for PBXProject "HelloWorld2" */;
			compatibilityVersion = "Xcode 3.2";
			developmentRegion = English;
			hasScannedForEncodings = 0;
			knownRegions = (
				en,
				Base,
			);
			mainGroup = F5069C671B7E12C3000BE696;
			productRefGroup = F5069C711B7E12C3000BE696 /* Products */;
			projectDirPath = "";
			projectRoot = "";
			targets = (
				F5069C6F1B7E12C3000BE696 /* HelloWorld2 */,
				F5069C881B7E12C3000BE696 /* HelloWorld2Tests */,
			);
		};
/* End PBXProject section */

/* Begin PBXResourcesBuildPhase section */
		F5069C6E1B7E12C3000BE696 /* Resources */ = {
			isa = PBXResourcesBuildPhase;
			buildActionMask = 2147483647;
			files = (
				F5069C7F1B7E12C3000BE696 /* Main.storyboard in Resources */,
				F5069C841B7E12C3000BE696 /* LaunchScreen.xib in Resources */,
				F5069C811B7E12C3000BE696 /* Images.xcassets in Resources */,
			);
			runOnlyForDeploymentPostprocessing = 0;
		};
		F5069C871B7E12C3000BE696 /* Resources */ = {
			isa = PBXResourcesBuildPhase;
			buildActionMask = 2147483647;
			files = (
			);
			runOnlyForDeploymentPostprocessing = 0;
		};
/* End PBXResourcesBuildPhase section */

/* Begin PBXSourcesBuildPhase section */
		F5069C6C1B7E12C3000BE696 /* Sources */ = {
			isa = PBXSourcesBuildPhase;
			buildActionMask = 2147483647;
			files = (
				F5069C7C1B7E12C3000BE696 /* ViewController.m in Sources */,
				F5069C791B7E12C3000BE696 /* AppDelegate.m in Sources */,
				F5069C761B7E12C3000BE696 /* main.m in Sources */,
			);
			runOnlyForDeploymentPostprocessing = 0;
		};
		F5069C851B7E12C3000BE696 /* Sources */ = {
			isa = PBXSourcesBuildPhase;
			buildActionMask = 2147483647;
			files = (
				F5069C901B7E12C3000BE696 /* HelloWorld2Tests.m in Sources */,
			);
			runOnlyForDeploymentPostprocessing = 0;
		};
/* End PBXSourcesBuildPhase section */

/* Begin PBXTargetDependency section */
		F5069C8B1B7E12C3000BE696 /* PBXTargetDependency */ = {
			isa = PBXTargetDependency;
			target = F5069C6F1B7E12C3000BE696 /* HelloWorld2 */;
			targetProxy = F5069C8A1B7E12C3000BE696 /* PBXContainerItemProxy */;
		};
/* End PBXTargetDependency section */

/* Begin PBXVariantGroup section */
		F5069C7D1B7E12C3000BE696 /* Main.storyboard */ = {
			isa = PBXVariantGroup;
			children = (
				F5069C7E1B7E12C3000BE696 /* Base */,
			);
			name = Main.storyboard;
			sourceTree = "<group>";
		};
		F5069C821B7E12C3000BE696 /* LaunchScreen.xib */ = {
			isa = PBXVariantGroup;
			children = (
				F5069C831B7E12C3000BE696 /* Base */,
			);
			name = LaunchScreen.xib;
			sourceTree = "<group>";
		};
/* End PBXVariantGroup section */

/* Begin XCBuildConfiguration section */
		F5069C911B7E12C3000BE696 /* Debug */ = {
			isa = XCBuildConfiguration;
			buildSettings = {
				ALWAYS_SEARCH_USER_PATHS = NO;
				CLANG_CXX_LANGUAGE_STANDARD = "gnu++0x";
				CLANG_CXX_LIBRARY = "libc++";
				CLANG_ENABLE_MODULES = YES;
				CLANG_ENABLE_OBJC_ARC = YES;
				CLANG_WARN_BOOL_CONVERSION = YES;
				CLANG_WARN_CONSTANT_CONVERSION = YES;
				CLANG_WARN_DIRECT_OBJC_ISA_USAGE = YES_ERROR;
				CLANG_WARN_EMPTY_BODY = YES;
				CLANG_WARN_ENUM_CONVERSION = YES;
				CLANG_WARN_INT_CONVERSION = YES;
				CLANG_WARN_OBJC_ROOT_CLASS = YES_ERROR;
				CLANG_WARN_UNREACHABLE_CODE = YES;
				CLANG_WARN__DUPLICATE_METHOD_MATCH = YES;
				"CODE_SIGN_IDENTITY[sdk=iphoneos*]" = "iPhone Developer";
				COPY_PHASE_STRIP = NO;
				DEBUG_INFORMATION_FORMAT = "dwarf-with-dsym";
				ENABLE_STRICT_OBJC_MSGSEND = YES;
				GCC_C_LANGUAGE_STANDARD = gnu99;
				GCC_DYNAMIC_NO_PIC = NO;
				GCC_NO_COMMON_BLOCKS = YES;
				GCC_OPTIMIZATION_LEVEL = 0;
				GCC_PREPROCESSOR_DEFINITIONS = (
					"DEBUG=1",
					"$(inherited)",
				);
				GCC_SYMBOLS_PRIVATE_EXTERN = NO;
				GCC_WARN_64_TO_32_BIT_CONVERSION = YES;
				GCC_WARN_ABOUT_RETURN_TYPE = YES_ERROR;
				GCC_WARN_UNDECLARED_SELECTOR = YES;
				GCC_WARN_UNINITIALIZED_AUTOS = YES_AGGRESSIVE;
				GCC_WARN_UNUSED_FUNCTION = YES;
				GCC_WARN_UNUSED_VARIABLE = YES;
				IPHONEOS_DEPLOYMENT_TARGET = 8.4;
				MTL_ENABLE_DEBUG_INFO = YES;
				ONLY_ACTIVE_ARCH = YES;
				SDKROOT = iphoneos;
				TARGETED_DEVICE_FAMILY = "1,2";
			};
			name = Debug;
		};
		F5069C921B7E12C3000BE696 /* Release */ = {
			isa = XCBuildConfiguration;
			buildSettings = {
				ALWAYS_SEARCH_USER_PATHS = NO;
				CLANG_CXX_LANGUAGE_STANDARD = "gnu++0x";
				CLANG_CXX_LIBRARY = "libc++";
				CLANG_ENABLE_MODULES = YES;
				CLANG_ENABLE_OBJC_ARC = YES;
				CLANG_WARN_BOOL_CONVERSION = YES;
				CLANG_WARN_CONSTANT_CONVERSION = YES;
				CLANG_WARN_DIRECT_OBJC_ISA_USAGE = YES_ERROR;
				CLANG_WARN_EMPTY_BODY = YES;
				CLANG_WARN_ENUM_CONVERSION = YES;
				CLANG_WARN_INT_CONVERSION = YES;
				CLANG_WARN_OBJC_ROOT_CLASS = YES_ERROR;
				CLANG_WARN_UNREACHABLE_CODE = YES;
				CLANG_WARN__DUPLICATE_METHOD_MATCH = YES;
				"CODE_SIGN_IDENTITY[sdk=iphoneos*]" = "iPhone Developer";
				COPY_PHASE_STRIP = NO;
				DEBUG_INFORMATION_FORMAT = "dwarf-with-dsym";
				ENABLE_NS_ASSERTIONS = NO;
				ENABLE_STRICT_OBJC_MSGSEND = YES;
				GCC_C_LANGUAGE_STANDARD = gnu99;
				GCC_NO_COMMON_BLOCKS = YES;
				GCC_WARN_64_TO_32_BIT_CONVERSION = YES;
				GCC_WARN_ABOUT_RETURN_TYPE = YES_ERROR;
				GCC_WARN_UNDECLARED_SELECTOR = YES;
				GCC_WARN_UNINITIALIZED_AUTOS = YES_AGGRESSIVE;
				GCC_WARN_UNUSED_FUNCTION = YES;
				GCC_WARN_UNUSED_VARIABLE = YES;
				IPHONEOS_DEPLOYMENT_TARGET = 8.4;
				MTL_ENABLE_DEBUG_INFO = NO;
				SDKROOT = iphoneos;
				TARGETED_DEVICE_FAMILY = "1,2";
				VALIDATE_PRODUCT = YES;
			};
			name = Release;
		};
		F5069C941B7E12C3000BE696 /* Debug */ = {
			isa = XCBuildConfiguration;
			buildSettings = {
				ASSETCATALOG_COMPILER_APPICON_NAME = AppIcon;
				INFOPLIST_FILE = HelloWorld2/Info.plist;
				LD_RUNPATH_SEARCH_PATHS = "$(inherited) @executable_path/Frameworks";
				PRODUCT_NAME = "$(TARGET_NAME)";
			};
			name = Debug;
		};
		F5069C951B7E12C3000BE696 /* Release */ = {
			isa = XCBuildConfiguration;
			buildSettings = {
				ASSETCATALOG_COMPILER_APPICON_NAME = AppIcon;
				INFOPLIST_FILE = HelloWorld2/Info.plist;
				LD_RUNPATH_SEARCH_PATHS = "$(inherited) @executable_path/Frameworks";
				PRODUCT_NAME = "$(TARGET_NAME)";
			};
			name = Release;
		};
		F5069C971B7E12C3000BE696 /* Debug */ = {
			isa = XCBuildConfiguration;
			buildSettings = {
				BUNDLE_LOADER = "$(TEST_HOST)";
				FRAMEWORK_SEARCH_PATHS = (
					"$(SDKROOT)/Developer/Library/Frameworks",
					"$(inherited)",
				);
				GCC_PREPROCESSOR_DEFINITIONS = (
					"DEBUG=1",
					"$(inherited)",
				);
				INFOPLIST_FILE = HelloWorld2Tests/Info.plist;
				LD_RUNPATH_SEARCH_PATHS = "$(inherited) @executable_path/Frameworks @loader_path/Frameworks";
				PRODUCT_NAME = "$(TARGET_NAME)";
				TEST_HOST = "$(BUILT_PRODUCTS_DIR)/HelloWorld2.app/HelloWorld2";
			};
			name = Debug;
		};
		F5069C981B7E12C3000BE696 /* Release */ = {
			isa = XCBuildConfiguration;
			buildSettings = {
				BUNDLE_LOADER = "$(TEST_HOST)";
				FRAMEWORK_SEARCH_PATHS = (
					"$(SDKROOT)/Developer/Library/Frameworks",
					"$(inherited)",
				);
				INFOPLIST_FILE = HelloWorld2Tests/Info.plist;
				LD_RUNPATH_SEARCH_PATHS = "$(inherited) @executable_path/Frameworks @loader_path/Frameworks";
				PRODUCT_NAME = "$(TARGET_NAME)";
				TEST_HOST = "$(BUILT_PRODUCTS_DIR)/HelloWorld2.app/HelloWorld2";
			};
			name = Release;
		};
/* End XCBuildConfiguration section */

/* Begin XCConfigurationList section */
		F5069C6B1B7E12C3000BE696 /* Build configuration list for PBXProject "HelloWorld2" */ = {
			isa = XCConfigurationList;
			buildConfigurations = (
				F5069C911B7E12C3000BE696 /* Debug */,
				F5069C921B7E12C3000BE696 /* Release */,
			);
			defaultConfigurationIsVisible = 0;
			defaultConfigurationName = Release;
		};
		F5069C931B7E12C3000BE696 /* Build configuration list for PBXNativeTarget "HelloWorld2" */ = {
			isa = XCConfigurationList;
			buildConfigurations = (
				F5069C941B7E12C3000BE696 /* Debug */,
				F5069C951B7E12C3000BE696 /* Release */,
			);
			defaultConfigurationIsVisible = 0;
		};
		F5069C961B7E12C3000BE696 /* Build configuration list for PBXNativeTarget "HelloWorld2Tests" */ = {
			isa = XCConfigurationList;
			buildConfigurations = (
				F5069C971B7E12C3000BE696 /* Debug */,
				F5069C981B7E12C3000BE696 /* Release */,
			);
			defaultConfigurationIsVisible = 0;
		};
/* End XCConfigurationList section */
	};
	rootObject = F5069C681B7E12C3000BE696 /* Project object */;
}
